// !$*UTF8*$!
{
	archiveVersion = 1;
	classes = {
	};
	objectVersion = 50;
	objects = {

/* Begin PBXBuildFile section */
		59BEAE0465C5A575ABE7FA13 /* Pods_TreeTracker.framework in Frameworks */ = {isa = PBXBuildFile; fileRef = B03AD2E94D3E7D6987A59BB0 /* Pods_TreeTracker.framework */; };
		931C37B8249BACFA00EE24DC /* SelfieViewModel.swift in Sources */ = {isa = PBXBuildFile; fileRef = 931C37B7249BACFA00EE24DC /* SelfieViewModel.swift */; };
		931C37BA249BAD0900EE24DC /* Selfie.storyboard in Resources */ = {isa = PBXBuildFile; fileRef = 931C37B9249BAD0900EE24DC /* Selfie.storyboard */; };
		932EA1AC2478311F0035394D /* KeyboardDismissing.swift in Sources */ = {isa = PBXBuildFile; fileRef = 932EA1AB2478311F0035394D /* KeyboardDismissing.swift */; };
		932EA1B0247954B40035394D /* BaseNavigationViewController.swift in Sources */ = {isa = PBXBuildFile; fileRef = 932EA1AF247954B40035394D /* BaseNavigationViewController.swift */; };
		937FC5DC2486F1530018B247 /* SelfieViewController.swift in Sources */ = {isa = PBXBuildFile; fileRef = 937FC5DB2486F1530018B247 /* SelfieViewController.swift */; };
		93989CF0246C479400A1B21F /* Validation.swift in Sources */ = {isa = PBXBuildFile; fileRef = 93989CEF246C479400A1B21F /* Validation.swift */; };
		93989CF3246C5F7F00A1B21F /* ValidationUnitTests.swift in Sources */ = {isa = PBXBuildFile; fileRef = 93989CF2246C5F7F00A1B21F /* ValidationUnitTests.swift */; };
		93989CF5246EA33600A1B21F /* SignUpViewController.swift in Sources */ = {isa = PBXBuildFile; fileRef = 93989CF4246EA33600A1B21F /* SignUpViewController.swift */; };
		93989CF7246EA34A00A1B21F /* SignUp.storyboard in Resources */ = {isa = PBXBuildFile; fileRef = 93989CF6246EA34A00A1B21F /* SignUp.storyboard */; };
		93989CF9246EA35500A1B21F /* SignUpViewModel.swift in Sources */ = {isa = PBXBuildFile; fileRef = 93989CF8246EA35500A1B21F /* SignUpViewModel.swift */; };
		93989CFB246EABF100A1B21F /* TermsViewController.swift in Sources */ = {isa = PBXBuildFile; fileRef = 93989CFA246EABF100A1B21F /* TermsViewController.swift */; };
		93989CFD246EABFA00A1B21F /* Terms.storyboard in Resources */ = {isa = PBXBuildFile; fileRef = 93989CFC246EABFA00A1B21F /* Terms.storyboard */; };
		93989CFF246EAC0400A1B21F /* TermsViewModel.swift in Sources */ = {isa = PBXBuildFile; fileRef = 93989CFE246EAC0400A1B21F /* TermsViewModel.swift */; };
		93989D01246EB20D00A1B21F /* Terms.html in Resources */ = {isa = PBXBuildFile; fileRef = 93989D00246EB20D00A1B21F /* Terms.html */; };
		93989D03246EBE3700A1B21F /* WebKit.framework in Frameworks */ = {isa = PBXBuildFile; fileRef = 93989D02246EBE3700A1B21F /* WebKit.framework */; };
		93989D06246ED00D00A1B21F /* PrimaryButton.swift in Sources */ = {isa = PBXBuildFile; fileRef = 93989D05246ED00D00A1B21F /* PrimaryButton.swift */; };
		93989D08246ED51C00A1B21F /* SignInTextField.swift in Sources */ = {isa = PBXBuildFile; fileRef = 93989D07246ED51C00A1B21F /* SignInTextField.swift */; };
		939CA84F246C0A1000B1C184 /* Colors.xcassets in Resources */ = {isa = PBXBuildFile; fileRef = 939CA84E246C0A1000B1C184 /* Colors.xcassets */; };
		93BC71FA24C647C3008DE96C /* TreeMonitoringService.swift in Sources */ = {isa = PBXBuildFile; fileRef = 93BC71F924C647C3008DE96C /* TreeMonitoringService.swift */; };
		93C57996249E5599009C0E46 /* LoginService.swift in Sources */ = {isa = PBXBuildFile; fileRef = 93C57995249E5599009C0E46 /* LoginService.swift */; };
		93C57998249E57A6009C0E46 /* SignUpService.swift in Sources */ = {isa = PBXBuildFile; fileRef = 93C57997249E57A6009C0E46 /* SignUpService.swift */; };
		93C5799B249E580E009C0E46 /* Username.swift in Sources */ = {isa = PBXBuildFile; fileRef = 93C5799A249E580E009C0E46 /* Username.swift */; };
		93C5799D249E5865009C0E46 /* Name.swift in Sources */ = {isa = PBXBuildFile; fileRef = 93C5799C249E5865009C0E46 /* Name.swift */; };
		93C579A424A26D95009C0E46 /* TermsService.swift in Sources */ = {isa = PBXBuildFile; fileRef = 93C579A324A26D95009C0E46 /* TermsService.swift */; };
		93C579A624A26E6B009C0E46 /* SelfieService.swift in Sources */ = {isa = PBXBuildFile; fileRef = 93C579A524A26E6B009C0E46 /* SelfieService.swift */; };
		93C579A824A33DE7009C0E46 /* AlertPresenting.swift in Sources */ = {isa = PBXBuildFile; fileRef = 93C579A724A33DE7009C0E46 /* AlertPresenting.swift */; };
		93C579AC24AA0909009C0E46 /* Organization.swift in Sources */ = {isa = PBXBuildFile; fileRef = 93C579AB24AA0909009C0E46 /* Organization.swift */; };
		93E18931245B737D00217F21 /* AppDelegate.swift in Sources */ = {isa = PBXBuildFile; fileRef = 93E18930245B737D00217F21 /* AppDelegate.swift */; };
		93E18933245B737D00217F21 /* SceneDelegate.swift in Sources */ = {isa = PBXBuildFile; fileRef = 93E18932245B737D00217F21 /* SceneDelegate.swift */; };
		93E1893A245B738100217F21 /* Assets.xcassets in Resources */ = {isa = PBXBuildFile; fileRef = 93E18939245B738100217F21 /* Assets.xcassets */; };
		93E1893D245B738100217F21 /* LaunchScreen.storyboard in Resources */ = {isa = PBXBuildFile; fileRef = 93E1893B245B738100217F21 /* LaunchScreen.storyboard */; };
		93E18953245B738100217F21 /* TreeTrackerUITests.swift in Sources */ = {isa = PBXBuildFile; fileRef = 93E18952245B738100217F21 /* TreeTrackerUITests.swift */; };
		93E18965245C95F200217F21 /* StoryboardScenes.swift in Sources */ = {isa = PBXBuildFile; fileRef = 93E18963245C95F200217F21 /* StoryboardScenes.swift */; };
		93E18966245C95F200217F21 /* StoryboardSegues.swift in Sources */ = {isa = PBXBuildFile; fileRef = 93E18964245C95F200217F21 /* StoryboardSegues.swift */; };
		93E18968245C96F000217F21 /* Assets.swift in Sources */ = {isa = PBXBuildFile; fileRef = 93E18967245C96F000217F21 /* Assets.swift */; };
		93E1896B245DEBDB00217F21 /* Coordinator.swift in Sources */ = {isa = PBXBuildFile; fileRef = 93E1896A245DEBDB00217F21 /* Coordinator.swift */; };
		93E1896F245DEE7700217F21 /* RootCoordinator.swift in Sources */ = {isa = PBXBuildFile; fileRef = 93E1896E245DEE7700217F21 /* RootCoordinator.swift */; };
		93E82F4C246C262900006C91 /* SignInCoordinator.swift in Sources */ = {isa = PBXBuildFile; fileRef = 93E82F4B246C262900006C91 /* SignInCoordinator.swift */; };
		93E82F4F246C27E100006C91 /* SignInViewController.swift in Sources */ = {isa = PBXBuildFile; fileRef = 93E82F4E246C27E100006C91 /* SignInViewController.swift */; };
		93E82F52246C35C700006C91 /* SignIn.storyboard in Resources */ = {isa = PBXBuildFile; fileRef = 93E82F51246C35C700006C91 /* SignIn.storyboard */; };
		93E82F56246C35FF00006C91 /* SignInViewModel.swift in Sources */ = {isa = PBXBuildFile; fileRef = 93E82F55246C35FF00006C91 /* SignInViewModel.swift */; };
		93E82F5A246C36B500006C91 /* LoadingViewController.swift in Sources */ = {isa = PBXBuildFile; fileRef = 93E82F59246C36B500006C91 /* LoadingViewController.swift */; };
		93E82F5C246C36BD00006C91 /* Loading.storyboard in Resources */ = {isa = PBXBuildFile; fileRef = 93E82F5B246C36BD00006C91 /* Loading.storyboard */; };
		93E82F63246C41B000006C91 /* Localizable.strings in Resources */ = {isa = PBXBuildFile; fileRef = 93E82F62246C41B000006C91 /* Localizable.strings */; };
		93E82F66246C439100006C91 /* Strings.swift in Sources */ = {isa = PBXBuildFile; fileRef = 93E82F65246C439100006C91 /* Strings.swift */; };
		93EC8C3124AA27FF00946C0C /* Terms.swift in Sources */ = {isa = PBXBuildFile; fileRef = 93EC8C3024AA27FF00946C0C /* Terms.swift */; };
		93EC8C3424AA4AE100946C0C /* HomeCoordinator.swift in Sources */ = {isa = PBXBuildFile; fileRef = 93EC8C3324AA4AE100946C0C /* HomeCoordinator.swift */; };
		93EC8C3924AA52DF00946C0C /* HomeViewController.swift in Sources */ = {isa = PBXBuildFile; fileRef = 93EC8C3824AA52DF00946C0C /* HomeViewController.swift */; };
		93EC8C3B24AA52E900946C0C /* HomeViewModel.swift in Sources */ = {isa = PBXBuildFile; fileRef = 93EC8C3A24AA52E900946C0C /* HomeViewModel.swift */; };
		93EC8C3D24AA52F000946C0C /* Home.storyboard in Resources */ = {isa = PBXBuildFile; fileRef = 93EC8C3C24AA52F000946C0C /* Home.storyboard */; };
		93EC8C4224AA8A8400946C0C /* Tree.swift in Sources */ = {isa = PBXBuildFile; fileRef = 93EC8C4124AA8A8400946C0C /* Tree.swift */; };
		93EC8C4424AA8EE900946C0C /* TreeService.swift in Sources */ = {isa = PBXBuildFile; fileRef = 93EC8C4324AA8EE900946C0C /* TreeService.swift */; };
		93EC8C4624AB7A6900946C0C /* AddTreeButton.swift in Sources */ = {isa = PBXBuildFile; fileRef = 93EC8C4524AB7A6900946C0C /* AddTreeButton.swift */; };
		93EC8C4A24AB7EA100946C0C /* UploadsButton.swift in Sources */ = {isa = PBXBuildFile; fileRef = 93EC8C4924AB7EA100946C0C /* UploadsButton.swift */; };
		93EC8C4E24ABA5B500946C0C /* TreeTracker.xcdatamodeld in Sources */ = {isa = PBXBuildFile; fileRef = 93EC8C4C24ABA5B500946C0C /* TreeTracker.xcdatamodeld */; };
		93EC8C9124ABD25100946C0C /* CoreDataManager.swift in Sources */ = {isa = PBXBuildFile; fileRef = 93EC8C9024ABD25100946C0C /* CoreDataManager.swift */; };
		93EC8CA324AD2E7B00946C0C /* Planter.swift in Sources */ = {isa = PBXBuildFile; fileRef = 93EC8CA224AD2E7B00946C0C /* Planter.swift */; };
		93EC8CA824B28B5D00946C0C /* UITextField+Extensions.swift in Sources */ = {isa = PBXBuildFile; fileRef = 93EC8CA724B28B5D00946C0C /* UITextField+Extensions.swift */; };
		93EC8CB124BCF26600946C0C /* LocationManager.swift in Sources */ = {isa = PBXBuildFile; fileRef = 93EC8CB024BCF26600946C0C /* LocationManager.swift */; };
		93EC8CB324BCFC7E00946C0C /* Location.swift in Sources */ = {isa = PBXBuildFile; fileRef = 93EC8CB224BCFC7E00946C0C /* Location.swift */; };
		93F3771E24EC419A00B7D051 /* DocumentManager.swift in Sources */ = {isa = PBXBuildFile; fileRef = 93F3771D24EC419A00B7D051 /* DocumentManager.swift */; };
/* End PBXBuildFile section */

/* Begin PBXContainerItemProxy section */
		93E18944245B738100217F21 /* PBXContainerItemProxy */ = {
			isa = PBXContainerItemProxy;
			containerPortal = 93E18925245B737D00217F21 /* Project object */;
			proxyType = 1;
			remoteGlobalIDString = 93E1892C245B737D00217F21;
			remoteInfo = TreeTracker;
		};
		93E1894F245B738100217F21 /* PBXContainerItemProxy */ = {
			isa = PBXContainerItemProxy;
			containerPortal = 93E18925245B737D00217F21 /* Project object */;
			proxyType = 1;
			remoteGlobalIDString = 93E1892C245B737D00217F21;
			remoteInfo = TreeTracker;
		};
/* End PBXContainerItemProxy section */

/* Begin PBXFileReference section */
		931C37B7249BACFA00EE24DC /* SelfieViewModel.swift */ = {isa = PBXFileReference; lastKnownFileType = sourcecode.swift; path = SelfieViewModel.swift; sourceTree = "<group>"; };
		931C37B9249BAD0900EE24DC /* Selfie.storyboard */ = {isa = PBXFileReference; lastKnownFileType = file.storyboard; path = Selfie.storyboard; sourceTree = "<group>"; };
		932EA1AB2478311F0035394D /* KeyboardDismissing.swift */ = {isa = PBXFileReference; lastKnownFileType = sourcecode.swift; path = KeyboardDismissing.swift; sourceTree = "<group>"; };
		932EA1AF247954B40035394D /* BaseNavigationViewController.swift */ = {isa = PBXFileReference; lastKnownFileType = sourcecode.swift; path = BaseNavigationViewController.swift; sourceTree = "<group>"; };
		937FC5DB2486F1530018B247 /* SelfieViewController.swift */ = {isa = PBXFileReference; lastKnownFileType = sourcecode.swift; path = SelfieViewController.swift; sourceTree = "<group>"; };
		93989CEF246C479400A1B21F /* Validation.swift */ = {isa = PBXFileReference; lastKnownFileType = sourcecode.swift; path = Validation.swift; sourceTree = "<group>"; };
		93989CF2246C5F7F00A1B21F /* ValidationUnitTests.swift */ = {isa = PBXFileReference; lastKnownFileType = sourcecode.swift; path = ValidationUnitTests.swift; sourceTree = "<group>"; };
		93989CF4246EA33600A1B21F /* SignUpViewController.swift */ = {isa = PBXFileReference; lastKnownFileType = sourcecode.swift; path = SignUpViewController.swift; sourceTree = "<group>"; };
		93989CF6246EA34A00A1B21F /* SignUp.storyboard */ = {isa = PBXFileReference; lastKnownFileType = file.storyboard; path = SignUp.storyboard; sourceTree = "<group>"; };
		93989CF8246EA35500A1B21F /* SignUpViewModel.swift */ = {isa = PBXFileReference; lastKnownFileType = sourcecode.swift; path = SignUpViewModel.swift; sourceTree = "<group>"; };
		93989CFA246EABF100A1B21F /* TermsViewController.swift */ = {isa = PBXFileReference; lastKnownFileType = sourcecode.swift; path = TermsViewController.swift; sourceTree = "<group>"; };
		93989CFC246EABFA00A1B21F /* Terms.storyboard */ = {isa = PBXFileReference; lastKnownFileType = file.storyboard; path = Terms.storyboard; sourceTree = "<group>"; };
		93989CFE246EAC0400A1B21F /* TermsViewModel.swift */ = {isa = PBXFileReference; lastKnownFileType = sourcecode.swift; path = TermsViewModel.swift; sourceTree = "<group>"; };
		93989D00246EB20D00A1B21F /* Terms.html */ = {isa = PBXFileReference; lastKnownFileType = text.html; path = Terms.html; sourceTree = "<group>"; };
		93989D02246EBE3700A1B21F /* WebKit.framework */ = {isa = PBXFileReference; lastKnownFileType = wrapper.framework; name = WebKit.framework; path = System/Library/Frameworks/WebKit.framework; sourceTree = SDKROOT; };
		93989D05246ED00D00A1B21F /* PrimaryButton.swift */ = {isa = PBXFileReference; lastKnownFileType = sourcecode.swift; path = PrimaryButton.swift; sourceTree = "<group>"; };
		93989D07246ED51C00A1B21F /* SignInTextField.swift */ = {isa = PBXFileReference; lastKnownFileType = sourcecode.swift; path = SignInTextField.swift; sourceTree = "<group>"; };
		939CA84E246C0A1000B1C184 /* Colors.xcassets */ = {isa = PBXFileReference; lastKnownFileType = folder.assetcatalog; path = Colors.xcassets; sourceTree = "<group>"; };
		93BC71F924C647C3008DE96C /* TreeMonitoringService.swift */ = {isa = PBXFileReference; lastKnownFileType = sourcecode.swift; path = TreeMonitoringService.swift; sourceTree = "<group>"; };
		93C57995249E5599009C0E46 /* LoginService.swift */ = {isa = PBXFileReference; lastKnownFileType = sourcecode.swift; path = LoginService.swift; sourceTree = "<group>"; };
		93C57997249E57A6009C0E46 /* SignUpService.swift */ = {isa = PBXFileReference; lastKnownFileType = sourcecode.swift; path = SignUpService.swift; sourceTree = "<group>"; };
		93C5799A249E580E009C0E46 /* Username.swift */ = {isa = PBXFileReference; lastKnownFileType = sourcecode.swift; path = Username.swift; sourceTree = "<group>"; };
		93C5799C249E5865009C0E46 /* Name.swift */ = {isa = PBXFileReference; lastKnownFileType = sourcecode.swift; path = Name.swift; sourceTree = "<group>"; };
		93C579A324A26D95009C0E46 /* TermsService.swift */ = {isa = PBXFileReference; lastKnownFileType = sourcecode.swift; path = TermsService.swift; sourceTree = "<group>"; };
		93C579A524A26E6B009C0E46 /* SelfieService.swift */ = {isa = PBXFileReference; lastKnownFileType = sourcecode.swift; path = SelfieService.swift; sourceTree = "<group>"; };
		93C579A724A33DE7009C0E46 /* AlertPresenting.swift */ = {isa = PBXFileReference; lastKnownFileType = sourcecode.swift; path = AlertPresenting.swift; sourceTree = "<group>"; };
		93C579AB24AA0909009C0E46 /* Organization.swift */ = {isa = PBXFileReference; lastKnownFileType = sourcecode.swift; path = Organization.swift; sourceTree = "<group>"; };
		93E1892D245B737D00217F21 /* TreeTracker.app */ = {isa = PBXFileReference; explicitFileType = wrapper.application; includeInIndex = 0; path = TreeTracker.app; sourceTree = BUILT_PRODUCTS_DIR; };
		93E18930245B737D00217F21 /* AppDelegate.swift */ = {isa = PBXFileReference; lastKnownFileType = sourcecode.swift; path = AppDelegate.swift; sourceTree = "<group>"; };
		93E18932245B737D00217F21 /* SceneDelegate.swift */ = {isa = PBXFileReference; lastKnownFileType = sourcecode.swift; path = SceneDelegate.swift; sourceTree = "<group>"; };
		93E18939245B738100217F21 /* Assets.xcassets */ = {isa = PBXFileReference; lastKnownFileType = folder.assetcatalog; path = Assets.xcassets; sourceTree = "<group>"; };
		93E1893C245B738100217F21 /* Base */ = {isa = PBXFileReference; lastKnownFileType = file.storyboard; name = Base; path = Base.lproj/LaunchScreen.storyboard; sourceTree = "<group>"; };
		93E1893E245B738100217F21 /* Info.plist */ = {isa = PBXFileReference; lastKnownFileType = text.plist.xml; path = Info.plist; sourceTree = "<group>"; };
		93E18943245B738100217F21 /* TreeTrackerTests.xctest */ = {isa = PBXFileReference; explicitFileType = wrapper.cfbundle; includeInIndex = 0; path = TreeTrackerTests.xctest; sourceTree = BUILT_PRODUCTS_DIR; };
		93E18949245B738100217F21 /* Info.plist */ = {isa = PBXFileReference; lastKnownFileType = text.plist.xml; path = Info.plist; sourceTree = "<group>"; };
		93E1894E245B738100217F21 /* TreeTrackerUITests.xctest */ = {isa = PBXFileReference; explicitFileType = wrapper.cfbundle; includeInIndex = 0; path = TreeTrackerUITests.xctest; sourceTree = BUILT_PRODUCTS_DIR; };
		93E18952245B738100217F21 /* TreeTrackerUITests.swift */ = {isa = PBXFileReference; lastKnownFileType = sourcecode.swift; path = TreeTrackerUITests.swift; sourceTree = "<group>"; };
		93E18954245B738100217F21 /* Info.plist */ = {isa = PBXFileReference; lastKnownFileType = text.plist.xml; path = Info.plist; sourceTree = "<group>"; };
		93E18963245C95F200217F21 /* StoryboardScenes.swift */ = {isa = PBXFileReference; fileEncoding = 4; lastKnownFileType = sourcecode.swift; path = StoryboardScenes.swift; sourceTree = "<group>"; };
		93E18964245C95F200217F21 /* StoryboardSegues.swift */ = {isa = PBXFileReference; fileEncoding = 4; lastKnownFileType = sourcecode.swift; path = StoryboardSegues.swift; sourceTree = "<group>"; };
		93E18967245C96F000217F21 /* Assets.swift */ = {isa = PBXFileReference; fileEncoding = 4; lastKnownFileType = sourcecode.swift; path = Assets.swift; sourceTree = "<group>"; };
		93E1896A245DEBDB00217F21 /* Coordinator.swift */ = {isa = PBXFileReference; lastKnownFileType = sourcecode.swift; path = Coordinator.swift; sourceTree = "<group>"; };
		93E1896E245DEE7700217F21 /* RootCoordinator.swift */ = {isa = PBXFileReference; lastKnownFileType = sourcecode.swift; path = RootCoordinator.swift; sourceTree = "<group>"; };
		93E82F4B246C262900006C91 /* SignInCoordinator.swift */ = {isa = PBXFileReference; lastKnownFileType = sourcecode.swift; path = SignInCoordinator.swift; sourceTree = "<group>"; };
		93E82F4E246C27E100006C91 /* SignInViewController.swift */ = {isa = PBXFileReference; lastKnownFileType = sourcecode.swift; path = SignInViewController.swift; sourceTree = "<group>"; };
		93E82F51246C35C700006C91 /* SignIn.storyboard */ = {isa = PBXFileReference; lastKnownFileType = file.storyboard; path = SignIn.storyboard; sourceTree = "<group>"; };
		93E82F55246C35FF00006C91 /* SignInViewModel.swift */ = {isa = PBXFileReference; lastKnownFileType = sourcecode.swift; path = SignInViewModel.swift; sourceTree = "<group>"; };
		93E82F59246C36B500006C91 /* LoadingViewController.swift */ = {isa = PBXFileReference; lastKnownFileType = sourcecode.swift; path = LoadingViewController.swift; sourceTree = "<group>"; };
		93E82F5B246C36BD00006C91 /* Loading.storyboard */ = {isa = PBXFileReference; lastKnownFileType = file.storyboard; path = Loading.storyboard; sourceTree = "<group>"; };
		93E82F62246C41B000006C91 /* Localizable.strings */ = {isa = PBXFileReference; lastKnownFileType = text.plist.strings; path = Localizable.strings; sourceTree = "<group>"; };
		93E82F65246C439100006C91 /* Strings.swift */ = {isa = PBXFileReference; fileEncoding = 4; lastKnownFileType = sourcecode.swift; path = Strings.swift; sourceTree = "<group>"; };
		93EC8C3024AA27FF00946C0C /* Terms.swift */ = {isa = PBXFileReference; lastKnownFileType = sourcecode.swift; path = Terms.swift; sourceTree = "<group>"; };
		93EC8C3324AA4AE100946C0C /* HomeCoordinator.swift */ = {isa = PBXFileReference; lastKnownFileType = sourcecode.swift; path = HomeCoordinator.swift; sourceTree = "<group>"; };
		93EC8C3824AA52DF00946C0C /* HomeViewController.swift */ = {isa = PBXFileReference; lastKnownFileType = sourcecode.swift; path = HomeViewController.swift; sourceTree = "<group>"; };
		93EC8C3A24AA52E900946C0C /* HomeViewModel.swift */ = {isa = PBXFileReference; lastKnownFileType = sourcecode.swift; path = HomeViewModel.swift; sourceTree = "<group>"; };
		93EC8C3C24AA52F000946C0C /* Home.storyboard */ = {isa = PBXFileReference; lastKnownFileType = file.storyboard; path = Home.storyboard; sourceTree = "<group>"; };
		93EC8C4124AA8A8400946C0C /* Tree.swift */ = {isa = PBXFileReference; lastKnownFileType = sourcecode.swift; path = Tree.swift; sourceTree = "<group>"; };
		93EC8C4324AA8EE900946C0C /* TreeService.swift */ = {isa = PBXFileReference; lastKnownFileType = sourcecode.swift; path = TreeService.swift; sourceTree = "<group>"; };
		93EC8C4524AB7A6900946C0C /* AddTreeButton.swift */ = {isa = PBXFileReference; lastKnownFileType = sourcecode.swift; path = AddTreeButton.swift; sourceTree = "<group>"; };
		93EC8C4924AB7EA100946C0C /* UploadsButton.swift */ = {isa = PBXFileReference; lastKnownFileType = sourcecode.swift; path = UploadsButton.swift; sourceTree = "<group>"; };
		93EC8C4D24ABA5B500946C0C /* TreeTracker.xcdatamodel */ = {isa = PBXFileReference; lastKnownFileType = wrapper.xcdatamodel; path = TreeTracker.xcdatamodel; sourceTree = "<group>"; };
		93EC8C9024ABD25100946C0C /* CoreDataManager.swift */ = {isa = PBXFileReference; lastKnownFileType = sourcecode.swift; path = CoreDataManager.swift; sourceTree = "<group>"; };
		93EC8CA224AD2E7B00946C0C /* Planter.swift */ = {isa = PBXFileReference; lastKnownFileType = sourcecode.swift; path = Planter.swift; sourceTree = "<group>"; };
		93EC8CA724B28B5D00946C0C /* UITextField+Extensions.swift */ = {isa = PBXFileReference; lastKnownFileType = sourcecode.swift; path = "UITextField+Extensions.swift"; sourceTree = "<group>"; };
		93EC8CB024BCF26600946C0C /* LocationManager.swift */ = {isa = PBXFileReference; lastKnownFileType = sourcecode.swift; path = LocationManager.swift; sourceTree = "<group>"; };
		93EC8CB224BCFC7E00946C0C /* Location.swift */ = {isa = PBXFileReference; lastKnownFileType = sourcecode.swift; path = Location.swift; sourceTree = "<group>"; };
		93F3771D24EC419A00B7D051 /* DocumentManager.swift */ = {isa = PBXFileReference; lastKnownFileType = sourcecode.swift; path = DocumentManager.swift; sourceTree = "<group>"; };
		B03AD2E94D3E7D6987A59BB0 /* Pods_TreeTracker.framework */ = {isa = PBXFileReference; explicitFileType = wrapper.framework; includeInIndex = 0; path = Pods_TreeTracker.framework; sourceTree = BUILT_PRODUCTS_DIR; };
		CB481A8042776E3A220E8523 /* Pods-TreeTracker.debug.xcconfig */ = {isa = PBXFileReference; includeInIndex = 1; lastKnownFileType = text.xcconfig; name = "Pods-TreeTracker.debug.xcconfig"; path = "Target Support Files/Pods-TreeTracker/Pods-TreeTracker.debug.xcconfig"; sourceTree = "<group>"; };
		FB8084C8EADF0A68233FBFA5 /* Pods-TreeTracker.release.xcconfig */ = {isa = PBXFileReference; includeInIndex = 1; lastKnownFileType = text.xcconfig; name = "Pods-TreeTracker.release.xcconfig"; path = "Target Support Files/Pods-TreeTracker/Pods-TreeTracker.release.xcconfig"; sourceTree = "<group>"; };
/* End PBXFileReference section */

/* Begin PBXFrameworksBuildPhase section */
		93E1892A245B737D00217F21 /* Frameworks */ = {
			isa = PBXFrameworksBuildPhase;
			buildActionMask = 2147483647;
			files = (
				93989D03246EBE3700A1B21F /* WebKit.framework in Frameworks */,
				59BEAE0465C5A575ABE7FA13 /* Pods_TreeTracker.framework in Frameworks */,
			);
			runOnlyForDeploymentPostprocessing = 0;
		};
		93E18940245B738100217F21 /* Frameworks */ = {
			isa = PBXFrameworksBuildPhase;
			buildActionMask = 2147483647;
			files = (
			);
			runOnlyForDeploymentPostprocessing = 0;
		};
		93E1894B245B738100217F21 /* Frameworks */ = {
			isa = PBXFrameworksBuildPhase;
			buildActionMask = 2147483647;
			files = (
			);
			runOnlyForDeploymentPostprocessing = 0;
		};
/* End PBXFrameworksBuildPhase section */

/* Begin PBXGroup section */
		937FC5DA2486EEC40018B247 /* Selfie */ = {
			isa = PBXGroup;
			children = (
				937FC5DB2486F1530018B247 /* SelfieViewController.swift */,
				931C37B7249BACFA00EE24DC /* SelfieViewModel.swift */,
				931C37B9249BAD0900EE24DC /* Selfie.storyboard */,
			);
			path = Selfie;
			sourceTree = "<group>";
		};
		93989CEE246C477C00A1B21F /* Utilities */ = {
			isa = PBXGroup;
			children = (
				93989CEF246C479400A1B21F /* Validation.swift */,
				93EC8CB024BCF26600946C0C /* LocationManager.swift */,
				93F3771D24EC419A00B7D051 /* DocumentManager.swift */,
			);
			path = Utilities;
			sourceTree = "<group>";
		};
		93989CF1246C5F6400A1B21F /* Utilities */ = {
			isa = PBXGroup;
			children = (
				93989CF2246C5F7F00A1B21F /* ValidationUnitTests.swift */,
			);
			path = Utilities;
			sourceTree = "<group>";
		};
		93989D04246ECFED00A1B21F /* Components */ = {
			isa = PBXGroup;
			children = (
				93989D05246ED00D00A1B21F /* PrimaryButton.swift */,
				93989D07246ED51C00A1B21F /* SignInTextField.swift */,
				932EA1AB2478311F0035394D /* KeyboardDismissing.swift */,
				932EA1AF247954B40035394D /* BaseNavigationViewController.swift */,
				93C579A724A33DE7009C0E46 /* AlertPresenting.swift */,
			);
			path = Components;
			sourceTree = "<group>";
		};
		939CA850246C0F9500B1C184 /* Resources */ = {
			isa = PBXGroup;
			children = (
				939CA84E246C0A1000B1C184 /* Colors.xcassets */,
				93E18939245B738100217F21 /* Assets.xcassets */,
				93E1893B245B738100217F21 /* LaunchScreen.storyboard */,
				93E82F62246C41B000006C91 /* Localizable.strings */,
				93989D00246EB20D00A1B21F /* Terms.html */,
			);
			path = Resources;
			sourceTree = "<group>";
		};
		93C57999249E57EA009C0E46 /* Models */ = {
			isa = PBXGroup;
			children = (
				93C5799A249E580E009C0E46 /* Username.swift */,
				93C5799C249E5865009C0E46 /* Name.swift */,
				93C579AB24AA0909009C0E46 /* Organization.swift */,
				93EC8C3024AA27FF00946C0C /* Terms.swift */,
				93EC8C4124AA8A8400946C0C /* Tree.swift */,
				93EC8CA224AD2E7B00946C0C /* Planter.swift */,
				93EC8CB224BCFC7E00946C0C /* Location.swift */,
			);
			path = Models;
			sourceTree = "<group>";
		};
		93C579A024A269A7009C0E46 /* Services */ = {
			isa = PBXGroup;
			children = (
				93C57995249E5599009C0E46 /* LoginService.swift */,
				93C57997249E57A6009C0E46 /* SignUpService.swift */,
				93C579A324A26D95009C0E46 /* TermsService.swift */,
				93C579A524A26E6B009C0E46 /* SelfieService.swift */,
				93EC8C4324AA8EE900946C0C /* TreeService.swift */,
				93BC71F924C647C3008DE96C /* TreeMonitoringService.swift */,
			);
			path = Services;
			sourceTree = "<group>";
		};
		93E18924245B737D00217F21 = {
			isa = PBXGroup;
			children = (
				93E1892F245B737D00217F21 /* TreeTracker */,
				93E18946245B738100217F21 /* TreeTrackerTests */,
				93E18951245B738100217F21 /* TreeTrackerUITests */,
				93E1892E245B737D00217F21 /* Products */,
				9C75872AC24B8E14A3BB24DE /* Pods */,
				A5A5F97491E984A4E03D59AF /* Frameworks */,
			);
			sourceTree = "<group>";
		};
		93E1892E245B737D00217F21 /* Products */ = {
			isa = PBXGroup;
			children = (
				93E1892D245B737D00217F21 /* TreeTracker.app */,
				93E18943245B738100217F21 /* TreeTrackerTests.xctest */,
				93E1894E245B738100217F21 /* TreeTrackerUITests.xctest */,
			);
			name = Products;
			sourceTree = "<group>";
		};
		93E1892F245B737D00217F21 /* TreeTracker */ = {
			isa = PBXGroup;
			children = (
				93EC8C4B24ABA51800946C0C /* Storage */,
				93C579A024A269A7009C0E46 /* Services */,
				93C57999249E57EA009C0E46 /* Models */,
				93E82F61246C415400006C91 /* ApplicationDelegates */,
				939CA850246C0F9500B1C184 /* Resources */,
				93989CEE246C477C00A1B21F /* Utilities */,
				93E18962245C95C400217F21 /* SwiftGen */,
				93E1896C245DEE4000217F21 /* UI */,
				93E1893E245B738100217F21 /* Info.plist */,
			);
			path = TreeTracker;
			sourceTree = "<group>";
		};
		93E18946245B738100217F21 /* TreeTrackerTests */ = {
			isa = PBXGroup;
			children = (
				93989CF1246C5F6400A1B21F /* Utilities */,
				93E18949245B738100217F21 /* Info.plist */,
			);
			path = TreeTrackerTests;
			sourceTree = "<group>";
		};
		93E18951245B738100217F21 /* TreeTrackerUITests */ = {
			isa = PBXGroup;
			children = (
				93E18952245B738100217F21 /* TreeTrackerUITests.swift */,
				93E18954245B738100217F21 /* Info.plist */,
			);
			path = TreeTrackerUITests;
			sourceTree = "<group>";
		};
		93E18962245C95C400217F21 /* SwiftGen */ = {
			isa = PBXGroup;
			children = (
				93E82F65246C439100006C91 /* Strings.swift */,
				93E18967245C96F000217F21 /* Assets.swift */,
				93E18963245C95F200217F21 /* StoryboardScenes.swift */,
				93E18964245C95F200217F21 /* StoryboardSegues.swift */,
			);
			path = SwiftGen;
			sourceTree = "<group>";
		};
		93E18969245DEB6A00217F21 /* Coordinator */ = {
			isa = PBXGroup;
			children = (
				93E1896A245DEBDB00217F21 /* Coordinator.swift */,
			);
			path = Coordinator;
			sourceTree = "<group>";
		};
		93E1896C245DEE4000217F21 /* UI */ = {
			isa = PBXGroup;
			children = (
				93EC8CA624B28B3B00946C0C /* Extensions */,
				93989D04246ECFED00A1B21F /* Components */,
				93E1896D245DEE6800217F21 /* Navigation */,
				93E82F57246C368200006C91 /* Views */,
			);
			path = UI;
			sourceTree = "<group>";
		};
		93E1896D245DEE6800217F21 /* Navigation */ = {
			isa = PBXGroup;
			children = (
				93E18969245DEB6A00217F21 /* Coordinator */,
				93E82F49246C25D800006C91 /* Root */,
				93E82F4A246C25F700006C91 /* Authentication */,
				93EC8C3224AA4ABD00946C0C /* Home */,
			);
			path = Navigation;
			sourceTree = "<group>";
		};
		93E82F49246C25D800006C91 /* Root */ = {
			isa = PBXGroup;
			children = (
				93E1896E245DEE7700217F21 /* RootCoordinator.swift */,
			);
			path = Root;
			sourceTree = "<group>";
		};
		93E82F4A246C25F700006C91 /* Authentication */ = {
			isa = PBXGroup;
			children = (
				93E82F4B246C262900006C91 /* SignInCoordinator.swift */,
			);
			path = Authentication;
			sourceTree = "<group>";
		};
		93E82F4D246C26DE00006C91 /* SignIn */ = {
			isa = PBXGroup;
			children = (
				93E82F4E246C27E100006C91 /* SignInViewController.swift */,
				93E82F51246C35C700006C91 /* SignIn.storyboard */,
				93E82F55246C35FF00006C91 /* SignInViewModel.swift */,
			);
			path = SignIn;
			sourceTree = "<group>";
		};
		93E82F57246C368200006C91 /* Views */ = {
			isa = PBXGroup;
			children = (
				93E82F58246C36A300006C91 /* Loading */,
				93E82F5F246C3B3200006C91 /* Authentication */,
				93EC8C3524AA4FD100946C0C /* Home */,
			);
			path = Views;
			sourceTree = "<group>";
		};
		93E82F58246C36A300006C91 /* Loading */ = {
			isa = PBXGroup;
			children = (
				93E82F59246C36B500006C91 /* LoadingViewController.swift */,
				93E82F5B246C36BD00006C91 /* Loading.storyboard */,
			);
			path = Loading;
			sourceTree = "<group>";
		};
		93E82F5D246C3B0000006C91 /* SignUp */ = {
			isa = PBXGroup;
			children = (
				93989CF4246EA33600A1B21F /* SignUpViewController.swift */,
				93989CF6246EA34A00A1B21F /* SignUp.storyboard */,
				93989CF8246EA35500A1B21F /* SignUpViewModel.swift */,
			);
			path = SignUp;
			sourceTree = "<group>";
		};
		93E82F5F246C3B3200006C91 /* Authentication */ = {
			isa = PBXGroup;
			children = (
				93E82F4D246C26DE00006C91 /* SignIn */,
				93E82F5D246C3B0000006C91 /* SignUp */,
				93E82F60246C3B4100006C91 /* Terms */,
				937FC5DA2486EEC40018B247 /* Selfie */,
			);
			path = Authentication;
			sourceTree = "<group>";
		};
		93E82F60246C3B4100006C91 /* Terms */ = {
			isa = PBXGroup;
			children = (
				93989CFA246EABF100A1B21F /* TermsViewController.swift */,
				93989CFC246EABFA00A1B21F /* Terms.storyboard */,
				93989CFE246EAC0400A1B21F /* TermsViewModel.swift */,
			);
			path = Terms;
			sourceTree = "<group>";
		};
		93E82F61246C415400006C91 /* ApplicationDelegates */ = {
			isa = PBXGroup;
			children = (
				93E18930245B737D00217F21 /* AppDelegate.swift */,
				93E18932245B737D00217F21 /* SceneDelegate.swift */,
			);
			path = ApplicationDelegates;
			sourceTree = "<group>";
		};
		93EC8C3224AA4ABD00946C0C /* Home */ = {
			isa = PBXGroup;
			children = (
				93EC8C3324AA4AE100946C0C /* HomeCoordinator.swift */,
			);
			path = Home;
			sourceTree = "<group>";
		};
		93EC8C3524AA4FD100946C0C /* Home */ = {
			isa = PBXGroup;
			children = (
				93EC8C4724AB7A6C00946C0C /* Components */,
				93EC8C3824AA52DF00946C0C /* HomeViewController.swift */,
				93EC8C3A24AA52E900946C0C /* HomeViewModel.swift */,
				93EC8C3C24AA52F000946C0C /* Home.storyboard */,
			);
			path = Home;
			sourceTree = "<group>";
		};
		93EC8C4724AB7A6C00946C0C /* Components */ = {
			isa = PBXGroup;
			children = (
				93EC8C4524AB7A6900946C0C /* AddTreeButton.swift */,
				93EC8C4924AB7EA100946C0C /* UploadsButton.swift */,
			);
			path = Components;
			sourceTree = "<group>";
		};
		93EC8C4B24ABA51800946C0C /* Storage */ = {
			isa = PBXGroup;
			children = (
				93EC8C4C24ABA5B500946C0C /* TreeTracker.xcdatamodeld */,
				93EC8C9024ABD25100946C0C /* CoreDataManager.swift */,
			);
			path = Storage;
			sourceTree = "<group>";
		};
		93EC8CA624B28B3B00946C0C /* Extensions */ = {
			isa = PBXGroup;
			children = (
				93EC8CA724B28B5D00946C0C /* UITextField+Extensions.swift */,
			);
			path = Extensions;
			sourceTree = "<group>";
		};
		9C75872AC24B8E14A3BB24DE /* Pods */ = {
			isa = PBXGroup;
			children = (
				CB481A8042776E3A220E8523 /* Pods-TreeTracker.debug.xcconfig */,
				FB8084C8EADF0A68233FBFA5 /* Pods-TreeTracker.release.xcconfig */,
			);
			path = Pods;
			sourceTree = "<group>";
		};
		A5A5F97491E984A4E03D59AF /* Frameworks */ = {
			isa = PBXGroup;
			children = (
				93989D02246EBE3700A1B21F /* WebKit.framework */,
				B03AD2E94D3E7D6987A59BB0 /* Pods_TreeTracker.framework */,
			);
			name = Frameworks;
			sourceTree = "<group>";
		};
/* End PBXGroup section */

/* Begin PBXNativeTarget section */
		93E1892C245B737D00217F21 /* TreeTracker */ = {
			isa = PBXNativeTarget;
			buildConfigurationList = 93E18957245B738100217F21 /* Build configuration list for PBXNativeTarget "TreeTracker" */;
			buildPhases = (
				F17E60DC4AF8E559B9BF14B0 /* [CP] Check Pods Manifest.lock */,
				93E18929245B737D00217F21 /* Sources */,
				93E1892A245B737D00217F21 /* Frameworks */,
				93E1892B245B737D00217F21 /* Resources */,
				93E18960245B78FF00217F21 /* SwiftLint */,
				93E18961245C938000217F21 /* SwiftGen */,
			);
			buildRules = (
			);
			dependencies = (
			);
			name = TreeTracker;
			productName = TreeTracker;
			productReference = 93E1892D245B737D00217F21 /* TreeTracker.app */;
			productType = "com.apple.product-type.application";
		};
		93E18942245B738100217F21 /* TreeTrackerTests */ = {
			isa = PBXNativeTarget;
			buildConfigurationList = 93E1895A245B738100217F21 /* Build configuration list for PBXNativeTarget "TreeTrackerTests" */;
			buildPhases = (
				93E1893F245B738100217F21 /* Sources */,
				93E18940245B738100217F21 /* Frameworks */,
				93E18941245B738100217F21 /* Resources */,
			);
			buildRules = (
			);
			dependencies = (
				93E18945245B738100217F21 /* PBXTargetDependency */,
			);
			name = TreeTrackerTests;
			productName = TreeTrackerTests;
			productReference = 93E18943245B738100217F21 /* TreeTrackerTests.xctest */;
			productType = "com.apple.product-type.bundle.unit-test";
		};
		93E1894D245B738100217F21 /* TreeTrackerUITests */ = {
			isa = PBXNativeTarget;
			buildConfigurationList = 93E1895D245B738100217F21 /* Build configuration list for PBXNativeTarget "TreeTrackerUITests" */;
			buildPhases = (
				93E1894A245B738100217F21 /* Sources */,
				93E1894B245B738100217F21 /* Frameworks */,
				93E1894C245B738100217F21 /* Resources */,
			);
			buildRules = (
			);
			dependencies = (
				93E18950245B738100217F21 /* PBXTargetDependency */,
			);
			name = TreeTrackerUITests;
			productName = TreeTrackerUITests;
			productReference = 93E1894E245B738100217F21 /* TreeTrackerUITests.xctest */;
			productType = "com.apple.product-type.bundle.ui-testing";
		};
/* End PBXNativeTarget section */

/* Begin PBXProject section */
		93E18925245B737D00217F21 /* Project object */ = {
			isa = PBXProject;
			attributes = {
				LastSwiftUpdateCheck = 1140;
				LastUpgradeCheck = 1140;
				ORGANIZATIONNAME = Greenstand;
				TargetAttributes = {
					93E1892C245B737D00217F21 = {
						CreatedOnToolsVersion = 11.4.1;
					};
					93E18942245B738100217F21 = {
						CreatedOnToolsVersion = 11.4.1;
						TestTargetID = 93E1892C245B737D00217F21;
					};
					93E1894D245B738100217F21 = {
						CreatedOnToolsVersion = 11.4.1;
						TestTargetID = 93E1892C245B737D00217F21;
					};
				};
			};
			buildConfigurationList = 93E18928245B737D00217F21 /* Build configuration list for PBXProject "TreeTracker" */;
			compatibilityVersion = "Xcode 9.3";
			developmentRegion = en;
			hasScannedForEncodings = 0;
			knownRegions = (
				en,
				Base,
			);
			mainGroup = 93E18924245B737D00217F21;
			productRefGroup = 93E1892E245B737D00217F21 /* Products */;
			projectDirPath = "";
			projectRoot = "";
			targets = (
				93E1892C245B737D00217F21 /* TreeTracker */,
				93E18942245B738100217F21 /* TreeTrackerTests */,
				93E1894D245B738100217F21 /* TreeTrackerUITests */,
			);
		};
/* End PBXProject section */

/* Begin PBXResourcesBuildPhase section */
		93E1892B245B737D00217F21 /* Resources */ = {
			isa = PBXResourcesBuildPhase;
			buildActionMask = 2147483647;
			files = (
				93E1893D245B738100217F21 /* LaunchScreen.storyboard in Resources */,
				93EC8C3D24AA52F000946C0C /* Home.storyboard in Resources */,
				931C37BA249BAD0900EE24DC /* Selfie.storyboard in Resources */,
				93E82F63246C41B000006C91 /* Localizable.strings in Resources */,
				93989CFD246EABFA00A1B21F /* Terms.storyboard in Resources */,
				93989D01246EB20D00A1B21F /* Terms.html in Resources */,
				93E82F52246C35C700006C91 /* SignIn.storyboard in Resources */,
				93989CF7246EA34A00A1B21F /* SignUp.storyboard in Resources */,
				939CA84F246C0A1000B1C184 /* Colors.xcassets in Resources */,
				93E82F5C246C36BD00006C91 /* Loading.storyboard in Resources */,
				93E1893A245B738100217F21 /* Assets.xcassets in Resources */,
			);
			runOnlyForDeploymentPostprocessing = 0;
		};
		93E18941245B738100217F21 /* Resources */ = {
			isa = PBXResourcesBuildPhase;
			buildActionMask = 2147483647;
			files = (
			);
			runOnlyForDeploymentPostprocessing = 0;
		};
		93E1894C245B738100217F21 /* Resources */ = {
			isa = PBXResourcesBuildPhase;
			buildActionMask = 2147483647;
			files = (
			);
			runOnlyForDeploymentPostprocessing = 0;
		};
/* End PBXResourcesBuildPhase section */

/* Begin PBXShellScriptBuildPhase section */
		93E18960245B78FF00217F21 /* SwiftLint */ = {
			isa = PBXShellScriptBuildPhase;
			buildActionMask = 2147483647;
			files = (
			);
			inputFileListPaths = (
			);
			inputPaths = (
			);
			name = SwiftLint;
			outputFileListPaths = (
			);
			outputPaths = (
			);
			runOnlyForDeploymentPostprocessing = 0;
			shellPath = /bin/sh;
			shellScript = "\"${PODS_ROOT}/SwiftLint/swiftlint\"\n";
		};
		93E18961245C938000217F21 /* SwiftGen */ = {
			isa = PBXShellScriptBuildPhase;
			buildActionMask = 2147483647;
			files = (
			);
			inputFileListPaths = (
			);
			inputPaths = (
			);
			name = SwiftGen;
			outputFileListPaths = (
			);
			outputPaths = (
			);
			runOnlyForDeploymentPostprocessing = 0;
			shellPath = /bin/sh;
			shellScript = "$PODS_ROOT/SwiftGen/bin/swiftgen \n";
		};
		F17E60DC4AF8E559B9BF14B0 /* [CP] Check Pods Manifest.lock */ = {
			isa = PBXShellScriptBuildPhase;
			buildActionMask = 2147483647;
			files = (
			);
			inputFileListPaths = (
			);
			inputPaths = (
				"${PODS_PODFILE_DIR_PATH}/Podfile.lock",
				"${PODS_ROOT}/Manifest.lock",
			);
			name = "[CP] Check Pods Manifest.lock";
			outputFileListPaths = (
			);
			outputPaths = (
				"$(DERIVED_FILE_DIR)/Pods-TreeTracker-checkManifestLockResult.txt",
			);
			runOnlyForDeploymentPostprocessing = 0;
			shellPath = /bin/sh;
			shellScript = "diff \"${PODS_PODFILE_DIR_PATH}/Podfile.lock\" \"${PODS_ROOT}/Manifest.lock\" > /dev/null\nif [ $? != 0 ] ; then\n    # print error to STDERR\n    echo \"error: The sandbox is not in sync with the Podfile.lock. Run 'pod install' or update your CocoaPods installation.\" >&2\n    exit 1\nfi\n# This output is used by Xcode 'outputs' to avoid re-running this script phase.\necho \"SUCCESS\" > \"${SCRIPT_OUTPUT_FILE_0}\"\n";
			showEnvVarsInLog = 0;
		};
/* End PBXShellScriptBuildPhase section */

/* Begin PBXSourcesBuildPhase section */
		93E18929245B737D00217F21 /* Sources */ = {
			isa = PBXSourcesBuildPhase;
			buildActionMask = 2147483647;
			files = (
				93989D06246ED00D00A1B21F /* PrimaryButton.swift in Sources */,
				93E82F56246C35FF00006C91 /* SignInViewModel.swift in Sources */,
				93EC8C4A24AB7EA100946C0C /* UploadsButton.swift in Sources */,
				93E1896F245DEE7700217F21 /* RootCoordinator.swift in Sources */,
				93EC8C4E24ABA5B500946C0C /* TreeTracker.xcdatamodeld in Sources */,
				93EC8C3924AA52DF00946C0C /* HomeViewController.swift in Sources */,
				93EC8C4424AA8EE900946C0C /* TreeService.swift in Sources */,
				93C57998249E57A6009C0E46 /* SignUpService.swift in Sources */,
				93EC8CB324BCFC7E00946C0C /* Location.swift in Sources */,
				93E18931245B737D00217F21 /* AppDelegate.swift in Sources */,
				93C579A424A26D95009C0E46 /* TermsService.swift in Sources */,
				93C579A624A26E6B009C0E46 /* SelfieService.swift in Sources */,
				93E18968245C96F000217F21 /* Assets.swift in Sources */,
				93989CF0246C479400A1B21F /* Validation.swift in Sources */,
				93E82F4C246C262900006C91 /* SignInCoordinator.swift in Sources */,
				93E18966245C95F200217F21 /* StoryboardSegues.swift in Sources */,
				93989CF9246EA35500A1B21F /* SignUpViewModel.swift in Sources */,
				93EC8CA824B28B5D00946C0C /* UITextField+Extensions.swift in Sources */,
				93989D08246ED51C00A1B21F /* SignInTextField.swift in Sources */,
				93E18933245B737D00217F21 /* SceneDelegate.swift in Sources */,
				932EA1B0247954B40035394D /* BaseNavigationViewController.swift in Sources */,
				93C579AC24AA0909009C0E46 /* Organization.swift in Sources */,
				93989CF5246EA33600A1B21F /* SignUpViewController.swift in Sources */,
				93EC8C3124AA27FF00946C0C /* Terms.swift in Sources */,
				932EA1AC2478311F0035394D /* KeyboardDismissing.swift in Sources */,
				93EC8C9124ABD25100946C0C /* CoreDataManager.swift in Sources */,
				93E18965245C95F200217F21 /* StoryboardScenes.swift in Sources */,
				93EC8C4224AA8A8400946C0C /* Tree.swift in Sources */,
				93C5799B249E580E009C0E46 /* Username.swift in Sources */,
				93E82F4F246C27E100006C91 /* SignInViewController.swift in Sources */,
				93EC8CB124BCF26600946C0C /* LocationManager.swift in Sources */,
				93BC71FA24C647C3008DE96C /* TreeMonitoringService.swift in Sources */,
				93EC8C3B24AA52E900946C0C /* HomeViewModel.swift in Sources */,
				93F3771E24EC419A00B7D051 /* DocumentManager.swift in Sources */,
				931C37B8249BACFA00EE24DC /* SelfieViewModel.swift in Sources */,
				937FC5DC2486F1530018B247 /* SelfieViewController.swift in Sources */,
				93C579A824A33DE7009C0E46 /* AlertPresenting.swift in Sources */,
				93989CFF246EAC0400A1B21F /* TermsViewModel.swift in Sources */,
				93E1896B245DEBDB00217F21 /* Coordinator.swift in Sources */,
				93E82F66246C439100006C91 /* Strings.swift in Sources */,
				93C57996249E5599009C0E46 /* LoginService.swift in Sources */,
				93989CFB246EABF100A1B21F /* TermsViewController.swift in Sources */,
				93C5799D249E5865009C0E46 /* Name.swift in Sources */,
				93EC8C4624AB7A6900946C0C /* AddTreeButton.swift in Sources */,
				93E82F5A246C36B500006C91 /* LoadingViewController.swift in Sources */,
				93EC8CA324AD2E7B00946C0C /* Planter.swift in Sources */,
				93EC8C3424AA4AE100946C0C /* HomeCoordinator.swift in Sources */,
			);
			runOnlyForDeploymentPostprocessing = 0;
		};
		93E1893F245B738100217F21 /* Sources */ = {
			isa = PBXSourcesBuildPhase;
			buildActionMask = 2147483647;
			files = (
				93989CF3246C5F7F00A1B21F /* ValidationUnitTests.swift in Sources */,
			);
			runOnlyForDeploymentPostprocessing = 0;
		};
		93E1894A245B738100217F21 /* Sources */ = {
			isa = PBXSourcesBuildPhase;
			buildActionMask = 2147483647;
			files = (
				93E18953245B738100217F21 /* TreeTrackerUITests.swift in Sources */,
			);
			runOnlyForDeploymentPostprocessing = 0;
		};
/* End PBXSourcesBuildPhase section */

/* Begin PBXTargetDependency section */
		93E18945245B738100217F21 /* PBXTargetDependency */ = {
			isa = PBXTargetDependency;
			target = 93E1892C245B737D00217F21 /* TreeTracker */;
			targetProxy = 93E18944245B738100217F21 /* PBXContainerItemProxy */;
		};
		93E18950245B738100217F21 /* PBXTargetDependency */ = {
			isa = PBXTargetDependency;
			target = 93E1892C245B737D00217F21 /* TreeTracker */;
			targetProxy = 93E1894F245B738100217F21 /* PBXContainerItemProxy */;
		};
/* End PBXTargetDependency section */

/* Begin PBXVariantGroup section */
		93E1893B245B738100217F21 /* LaunchScreen.storyboard */ = {
			isa = PBXVariantGroup;
			children = (
				93E1893C245B738100217F21 /* Base */,
			);
			name = LaunchScreen.storyboard;
			sourceTree = "<group>";
		};
/* End PBXVariantGroup section */

/* Begin XCBuildConfiguration section */
		93E18955245B738100217F21 /* Debug */ = {
			isa = XCBuildConfiguration;
			buildSettings = {
				ALWAYS_SEARCH_USER_PATHS = NO;
				CLANG_ANALYZER_NONNULL = YES;
				CLANG_ANALYZER_NUMBER_OBJECT_CONVERSION = YES_AGGRESSIVE;
				CLANG_CXX_LANGUAGE_STANDARD = "gnu++14";
				CLANG_CXX_LIBRARY = "libc++";
				CLANG_ENABLE_MODULES = YES;
				CLANG_ENABLE_OBJC_ARC = YES;
				CLANG_ENABLE_OBJC_WEAK = YES;
				CLANG_WARN_BLOCK_CAPTURE_AUTORELEASING = YES;
				CLANG_WARN_BOOL_CONVERSION = YES;
				CLANG_WARN_COMMA = YES;
				CLANG_WARN_CONSTANT_CONVERSION = YES;
				CLANG_WARN_DEPRECATED_OBJC_IMPLEMENTATIONS = YES;
				CLANG_WARN_DIRECT_OBJC_ISA_USAGE = YES_ERROR;
				CLANG_WARN_DOCUMENTATION_COMMENTS = YES;
				CLANG_WARN_EMPTY_BODY = YES;
				CLANG_WARN_ENUM_CONVERSION = YES;
				CLANG_WARN_INFINITE_RECURSION = YES;
				CLANG_WARN_INT_CONVERSION = YES;
				CLANG_WARN_NON_LITERAL_NULL_CONVERSION = YES;
				CLANG_WARN_OBJC_IMPLICIT_RETAIN_SELF = YES;
				CLANG_WARN_OBJC_LITERAL_CONVERSION = YES;
				CLANG_WARN_OBJC_ROOT_CLASS = YES_ERROR;
				CLANG_WARN_RANGE_LOOP_ANALYSIS = YES;
				CLANG_WARN_STRICT_PROTOTYPES = YES;
				CLANG_WARN_SUSPICIOUS_MOVE = YES;
				CLANG_WARN_UNGUARDED_AVAILABILITY = YES_AGGRESSIVE;
				CLANG_WARN_UNREACHABLE_CODE = YES;
				CLANG_WARN__DUPLICATE_METHOD_MATCH = YES;
				COPY_PHASE_STRIP = NO;
				DEBUG_INFORMATION_FORMAT = dwarf;
				ENABLE_STRICT_OBJC_MSGSEND = YES;
				ENABLE_TESTABILITY = YES;
				GCC_C_LANGUAGE_STANDARD = gnu11;
				GCC_DYNAMIC_NO_PIC = NO;
				GCC_NO_COMMON_BLOCKS = YES;
				GCC_OPTIMIZATION_LEVEL = 0;
				GCC_PREPROCESSOR_DEFINITIONS = (
					"DEBUG=1",
					"$(inherited)",
				);
				GCC_WARN_64_TO_32_BIT_CONVERSION = YES;
				GCC_WARN_ABOUT_RETURN_TYPE = YES_ERROR;
				GCC_WARN_UNDECLARED_SELECTOR = YES;
				GCC_WARN_UNINITIALIZED_AUTOS = YES_AGGRESSIVE;
				GCC_WARN_UNUSED_FUNCTION = YES;
				GCC_WARN_UNUSED_VARIABLE = YES;
				IPHONEOS_DEPLOYMENT_TARGET = 11.0;
				MTL_ENABLE_DEBUG_INFO = INCLUDE_SOURCE;
				MTL_FAST_MATH = YES;
				ONLY_ACTIVE_ARCH = YES;
				SDKROOT = iphoneos;
				SWIFT_ACTIVE_COMPILATION_CONDITIONS = DEBUG;
				SWIFT_OPTIMIZATION_LEVEL = "-Onone";
			};
			name = Debug;
		};
		93E18956245B738100217F21 /* Release */ = {
			isa = XCBuildConfiguration;
			buildSettings = {
				ALWAYS_SEARCH_USER_PATHS = NO;
				CLANG_ANALYZER_NONNULL = YES;
				CLANG_ANALYZER_NUMBER_OBJECT_CONVERSION = YES_AGGRESSIVE;
				CLANG_CXX_LANGUAGE_STANDARD = "gnu++14";
				CLANG_CXX_LIBRARY = "libc++";
				CLANG_ENABLE_MODULES = YES;
				CLANG_ENABLE_OBJC_ARC = YES;
				CLANG_ENABLE_OBJC_WEAK = YES;
				CLANG_WARN_BLOCK_CAPTURE_AUTORELEASING = YES;
				CLANG_WARN_BOOL_CONVERSION = YES;
				CLANG_WARN_COMMA = YES;
				CLANG_WARN_CONSTANT_CONVERSION = YES;
				CLANG_WARN_DEPRECATED_OBJC_IMPLEMENTATIONS = YES;
				CLANG_WARN_DIRECT_OBJC_ISA_USAGE = YES_ERROR;
				CLANG_WARN_DOCUMENTATION_COMMENTS = YES;
				CLANG_WARN_EMPTY_BODY = YES;
				CLANG_WARN_ENUM_CONVERSION = YES;
				CLANG_WARN_INFINITE_RECURSION = YES;
				CLANG_WARN_INT_CONVERSION = YES;
				CLANG_WARN_NON_LITERAL_NULL_CONVERSION = YES;
				CLANG_WARN_OBJC_IMPLICIT_RETAIN_SELF = YES;
				CLANG_WARN_OBJC_LITERAL_CONVERSION = YES;
				CLANG_WARN_OBJC_ROOT_CLASS = YES_ERROR;
				CLANG_WARN_RANGE_LOOP_ANALYSIS = YES;
				CLANG_WARN_STRICT_PROTOTYPES = YES;
				CLANG_WARN_SUSPICIOUS_MOVE = YES;
				CLANG_WARN_UNGUARDED_AVAILABILITY = YES_AGGRESSIVE;
				CLANG_WARN_UNREACHABLE_CODE = YES;
				CLANG_WARN__DUPLICATE_METHOD_MATCH = YES;
				COPY_PHASE_STRIP = NO;
				DEBUG_INFORMATION_FORMAT = "dwarf-with-dsym";
				ENABLE_NS_ASSERTIONS = NO;
				ENABLE_STRICT_OBJC_MSGSEND = YES;
				GCC_C_LANGUAGE_STANDARD = gnu11;
				GCC_NO_COMMON_BLOCKS = YES;
				GCC_WARN_64_TO_32_BIT_CONVERSION = YES;
				GCC_WARN_ABOUT_RETURN_TYPE = YES_ERROR;
				GCC_WARN_UNDECLARED_SELECTOR = YES;
				GCC_WARN_UNINITIALIZED_AUTOS = YES_AGGRESSIVE;
				GCC_WARN_UNUSED_FUNCTION = YES;
				GCC_WARN_UNUSED_VARIABLE = YES;
				IPHONEOS_DEPLOYMENT_TARGET = 11.0;
				MTL_ENABLE_DEBUG_INFO = NO;
				MTL_FAST_MATH = YES;
				SDKROOT = iphoneos;
				SWIFT_COMPILATION_MODE = wholemodule;
				SWIFT_OPTIMIZATION_LEVEL = "-O";
				VALIDATE_PRODUCT = YES;
			};
			name = Release;
		};
		93E18958245B738100217F21 /* Debug */ = {
			isa = XCBuildConfiguration;
			baseConfigurationReference = CB481A8042776E3A220E8523 /* Pods-TreeTracker.debug.xcconfig */;
			buildSettings = {
				ASSETCATALOG_COMPILER_APPICON_NAME = AppIcon;
				CODE_SIGN_STYLE = Automatic;
				INFOPLIST_FILE = TreeTracker/Info.plist;
				LD_RUNPATH_SEARCH_PATHS = (
					"$(inherited)",
					"@executable_path/Frameworks",
				);
				PRODUCT_BUNDLE_IDENTIFIER = com.greenstand.TreeTracker;
				PRODUCT_NAME = "$(TARGET_NAME)";
				SWIFT_VERSION = 5.0;
				TARGETED_DEVICE_FAMILY = "1,2";
			};
			name = Debug;
		};
		93E18959245B738100217F21 /* Release */ = {
			isa = XCBuildConfiguration;
			baseConfigurationReference = FB8084C8EADF0A68233FBFA5 /* Pods-TreeTracker.release.xcconfig */;
			buildSettings = {
				ASSETCATALOG_COMPILER_APPICON_NAME = AppIcon;
				CODE_SIGN_STYLE = Automatic;
				INFOPLIST_FILE = TreeTracker/Info.plist;
				LD_RUNPATH_SEARCH_PATHS = (
					"$(inherited)",
					"@executable_path/Frameworks",
				);
				PRODUCT_BUNDLE_IDENTIFIER = com.greenstand.TreeTracker;
				PRODUCT_NAME = "$(TARGET_NAME)";
				SWIFT_VERSION = 5.0;
				TARGETED_DEVICE_FAMILY = "1,2";
			};
			name = Release;
		};
		93E1895B245B738100217F21 /* Debug */ = {
			isa = XCBuildConfiguration;
			buildSettings = {
				ALWAYS_EMBED_SWIFT_STANDARD_LIBRARIES = YES;
				BUNDLE_LOADER = "$(TEST_HOST)";
				CODE_SIGN_STYLE = Automatic;
				INFOPLIST_FILE = TreeTrackerTests/Info.plist;
				IPHONEOS_DEPLOYMENT_TARGET = 11.0;
				LD_RUNPATH_SEARCH_PATHS = (
					"$(inherited)",
					"@executable_path/Frameworks",
					"@loader_path/Frameworks",
				);
				PRODUCT_BUNDLE_IDENTIFIER = com.greenstand.TreeTrackerTests;
				PRODUCT_NAME = "$(TARGET_NAME)";
				SWIFT_VERSION = 5.0;
				TARGETED_DEVICE_FAMILY = "1,2";
				TEST_HOST = "$(BUILT_PRODUCTS_DIR)/TreeTracker.app/TreeTracker";
			};
			name = Debug;
		};
		93E1895C245B738100217F21 /* Release */ = {
			isa = XCBuildConfiguration;
			buildSettings = {
				ALWAYS_EMBED_SWIFT_STANDARD_LIBRARIES = YES;
				BUNDLE_LOADER = "$(TEST_HOST)";
				CODE_SIGN_STYLE = Automatic;
				INFOPLIST_FILE = TreeTrackerTests/Info.plist;
				IPHONEOS_DEPLOYMENT_TARGET = 11.0;
				LD_RUNPATH_SEARCH_PATHS = (
					"$(inherited)",
					"@executable_path/Frameworks",
					"@loader_path/Frameworks",
				);
				PRODUCT_BUNDLE_IDENTIFIER = com.greenstand.TreeTrackerTests;
				PRODUCT_NAME = "$(TARGET_NAME)";
				SWIFT_VERSION = 5.0;
				TARGETED_DEVICE_FAMILY = "1,2";
				TEST_HOST = "$(BUILT_PRODUCTS_DIR)/TreeTracker.app/TreeTracker";
			};
			name = Release;
		};
		93E1895E245B738100217F21 /* Debug */ = {
			isa = XCBuildConfiguration;
			buildSettings = {
				ALWAYS_EMBED_SWIFT_STANDARD_LIBRARIES = YES;
				CODE_SIGN_STYLE = Automatic;
				INFOPLIST_FILE = TreeTrackerUITests/Info.plist;
				LD_RUNPATH_SEARCH_PATHS = (
					"$(inherited)",
					"@executable_path/Frameworks",
					"@loader_path/Frameworks",
				);
				PRODUCT_BUNDLE_IDENTIFIER = com.greenstand.TreeTrackerUITests;
				PRODUCT_NAME = "$(TARGET_NAME)";
				SWIFT_VERSION = 5.0;
				TARGETED_DEVICE_FAMILY = "1,2";
				TEST_TARGET_NAME = TreeTracker;
			};
			name = Debug;
		};
		93E1895F245B738100217F21 /* Release */ = {
			isa = XCBuildConfiguration;
			buildSettings = {
				ALWAYS_EMBED_SWIFT_STANDARD_LIBRARIES = YES;
				CODE_SIGN_STYLE = Automatic;
				INFOPLIST_FILE = TreeTrackerUITests/Info.plist;
				LD_RUNPATH_SEARCH_PATHS = (
					"$(inherited)",
					"@executable_path/Frameworks",
					"@loader_path/Frameworks",
				);
				PRODUCT_BUNDLE_IDENTIFIER = com.greenstand.TreeTrackerUITests;
				PRODUCT_NAME = "$(TARGET_NAME)";
				SWIFT_VERSION = 5.0;
				TARGETED_DEVICE_FAMILY = "1,2";
				TEST_TARGET_NAME = TreeTracker;
			};
			name = Release;
		};
/* End XCBuildConfiguration section */

/* Begin XCConfigurationList section */
		93E18928245B737D00217F21 /* Build configuration list for PBXProject "TreeTracker" */ = {
			isa = XCConfigurationList;
			buildConfigurations = (
				93E18955245B738100217F21 /* Debug */,
				93E18956245B738100217F21 /* Release */,
			);
			defaultConfigurationIsVisible = 0;
			defaultConfigurationName = Release;
		};
		93E18957245B738100217F21 /* Build configuration list for PBXNativeTarget "TreeTracker" */ = {
			isa = XCConfigurationList;
			buildConfigurations = (
				93E18958245B738100217F21 /* Debug */,
				93E18959245B738100217F21 /* Release */,
			);
			defaultConfigurationIsVisible = 0;
			defaultConfigurationName = Release;
		};
		93E1895A245B738100217F21 /* Build configuration list for PBXNativeTarget "TreeTrackerTests" */ = {
			isa = XCConfigurationList;
			buildConfigurations = (
				93E1895B245B738100217F21 /* Debug */,
				93E1895C245B738100217F21 /* Release */,
			);
			defaultConfigurationIsVisible = 0;
			defaultConfigurationName = Release;
		};
		93E1895D245B738100217F21 /* Build configuration list for PBXNativeTarget "TreeTrackerUITests" */ = {
			isa = XCConfigurationList;
			buildConfigurations = (
				93E1895E245B738100217F21 /* Debug */,
				93E1895F245B738100217F21 /* Release */,
			);
			defaultConfigurationIsVisible = 0;
			defaultConfigurationName = Release;
		};
/* End XCConfigurationList section */

/* Begin XCVersionGroup section */
		93EC8C4C24ABA5B500946C0C /* TreeTracker.xcdatamodeld */ = {
			isa = XCVersionGroup;
			children = (
				93EC8C4D24ABA5B500946C0C /* TreeTracker.xcdatamodel */,
			);
			currentVersion = 93EC8C4D24ABA5B500946C0C /* TreeTracker.xcdatamodel */;
			path = TreeTracker.xcdatamodeld;
			sourceTree = "<group>";
			versionGroupType = wrapper.xcdatamodel;
		};
/* End XCVersionGroup section */
	};
	rootObject = 93E18925245B737D00217F21 /* Project object */;
}
